
Microsoft Visual Studio Solution File, Format Version 12.00
# Visual Studio Version 17
VisualStudioVersion = 17.13.35913.81 d17.13
MinimumVisualStudioVersion = 10.0.40219.1
Project("{FAE04EC0-301F-11D3-BF4B-00C04F79EFBC}") = "Task1", "Task1\Task1.csproj", "{FF31091A-216F-4C88-9561-DE2138B98742}"
EndProject
Global
	GlobalSection(SolutionConfigurationPlatforms) = preSolution
		Debug|Any CPU = Debug|Any CPU
		Release|Any CPU = Release|Any CPU
	EndGlobalSection
	GlobalSection(ProjectConfigurationPlatforms) = postSolution
		{FF31091A-216F-4C88-9561-DE2138B98742}.Debug|Any CPU.ActiveCfg = Debug|Any CPU
		{FF31091A-216F-4C88-9561-DE2138B98742}.Debug|Any CPU.Build.0 = Debug|Any CPU
		{FF31091A-216F-4C88-9561-DE2138B98742}.Release|Any CPU.ActiveCfg = Release|Any CPU
		{FF31091A-216F-4C88-9561-DE2138B98742}.Release|Any CPU.Build.0 = Release|Any CPU
	EndGlobalSection
	GlobalSection(SolutionProperties) = preSolution
		HideSolutionNode = FALSE
	EndGlobalSection
	GlobalSection(ExtensibilityGlobals) = postSolution
		SolutionGuid = {1AD1BC04-AECB-4EB8-933C-D9EAA988198C}
	EndGlobalSection
EndGlobal
