
Microsoft Visual Studio Solution File, Format Version 12.00
# Visual Studio Version 17
VisualStudioVersion = 17.13.35913.81 d17.13
MinimumVisualStudioVersion = 10.0.40219.1
Project("{FAE04EC0-301F-11D3-BF4B-00C04F79EFBC}") = "WebApplication1", "WebApplication1\WebApplication1.csproj", "{42A9D84D-ED73-4CC5-B2E3-30A2215B10DD}"
EndProject
Global
	GlobalSection(SolutionConfigurationPlatforms) = preSolution
		Debug|Any CPU = Debug|Any CPU
		Release|Any CPU = Release|Any CPU
	EndGlobalSection
	GlobalSection(ProjectConfigurationPlatforms) = postSolution
		{42A9D84D-ED73-4CC5-B2E3-30A2215B10DD}.Debug|Any CPU.ActiveCfg = Debug|Any CPU
		{42A9D84D-ED73-4CC5-B2E3-30A2215B10DD}.Debug|Any CPU.Build.0 = Debug|Any CPU
		{42A9D84D-ED73-4CC5-B2E3-30A2215B10DD}.Release|Any CPU.ActiveCfg = Release|Any CPU
		{42A9D84D-ED73-4CC5-B2E3-30A2215B10DD}.Release|Any CPU.Build.0 = Release|Any CPU
	EndGlobalSection
	GlobalSection(SolutionProperties) = preSolution
		HideSolutionNode = FALSE
	EndGlobalSection
	GlobalSection(ExtensibilityGlobals) = postSolution
		SolutionGuid = {F139850E-62CD-4BF1-9358-0BA9163B21B1}
	EndGlobalSection
EndGlobal
