
Microsoft Visual Studio Solution File, Format Version 12.00
# Visual Studio Version 17
VisualStudioVersion = 17.13.35913.81 d17.13
MinimumVisualStudioVersion = 10.0.40219.1
Project("{FAE04EC0-301F-11D3-BF4B-00C04F79EFBC}") = "Task1", "Task1\Task1.csproj", "{0CCF6063-3858-48D6-8A9E-86CF2279E344}"
EndProject
Global
	GlobalSection(SolutionConfigurationPlatforms) = preSolution
		Debug|Any CPU = Debug|Any CPU
		Release|Any CPU = Release|Any CPU
	EndGlobalSection
	GlobalSection(ProjectConfigurationPlatforms) = postSolution
		{0CCF6063-3858-48D6-8A9E-86CF2279E344}.Debug|Any CPU.ActiveCfg = Debug|Any CPU
		{0CCF6063-3858-48D6-8A9E-86CF2279E344}.Debug|Any CPU.Build.0 = Debug|Any CPU
		{0CCF6063-3858-48D6-8A9E-86CF2279E344}.Release|Any CPU.ActiveCfg = Release|Any CPU
		{0CCF6063-3858-48D6-8A9E-86CF2279E344}.Release|Any CPU.Build.0 = Release|Any CPU
	EndGlobalSection
	GlobalSection(SolutionProperties) = preSolution
		HideSolutionNode = FALSE
	EndGlobalSection
	GlobalSection(ExtensibilityGlobals) = postSolution
		SolutionGuid = {44A41E5D-0304-4A51-8D8D-1A359A9DCC2C}
	EndGlobalSection
EndGlobal
