
Microsoft Visual Studio Solution File, Format Version 12.00
# Visual Studio Version 17
VisualStudioVersion = 17.13.35913.81 d17.13
MinimumVisualStudioVersion = 10.0.40219.1
Project("{FAE04EC0-301F-11D3-BF4B-00C04F79EFBC}") = "Task1", "Task1\Task1.csproj", "{D7CC3672-D548-4E0B-96AF-F73AF9A66C49}"
EndProject
Global
	GlobalSection(SolutionConfigurationPlatforms) = preSolution
		Debug|Any CPU = Debug|Any CPU
		Release|Any CPU = Release|Any CPU
	EndGlobalSection
	GlobalSection(ProjectConfigurationPlatforms) = postSolution
		{D7CC3672-D548-4E0B-96AF-F73AF9A66C49}.Debug|Any CPU.ActiveCfg = Debug|Any CPU
		{D7CC3672-D548-4E0B-96AF-F73AF9A66C49}.Debug|Any CPU.Build.0 = Debug|Any CPU
		{D7CC3672-D548-4E0B-96AF-F73AF9A66C49}.Release|Any CPU.ActiveCfg = Release|Any CPU
		{D7CC3672-D548-4E0B-96AF-F73AF9A66C49}.Release|Any CPU.Build.0 = Release|Any CPU
	EndGlobalSection
	GlobalSection(SolutionProperties) = preSolution
		HideSolutionNode = FALSE
	EndGlobalSection
	GlobalSection(ExtensibilityGlobals) = postSolution
		SolutionGuid = {AC853702-33ED-4C3A-BAC1-4365933AAF6B}
	EndGlobalSection
EndGlobal
