
Microsoft Visual Studio Solution File, Format Version 12.00
# Visual Studio Version 17
VisualStudioVersion = 17.12.35707.178 d17.12
MinimumVisualStudioVersion = 10.0.40219.1
Project("{FAE04EC0-301F-11D3-BF4B-00C04F79EFBC}") = "Task6", "Task6\Task6.csproj", "{7680DE8B-29BC-4E56-A78A-1762EDB1F040}"
EndProject
Global
	GlobalSection(SolutionConfigurationPlatforms) = preSolution
		Debug|Any CPU = Debug|Any CPU
		Release|Any CPU = Release|Any CPU
	EndGlobalSection
	GlobalSection(ProjectConfigurationPlatforms) = postSolution
		{7680DE8B-29BC-4E56-A78A-1762EDB1F040}.Debug|Any CPU.ActiveCfg = Debug|Any CPU
		{7680DE8B-29BC-4E56-A78A-1762EDB1F040}.Debug|Any CPU.Build.0 = Debug|Any CPU
		{7680DE8B-29BC-4E56-A78A-1762EDB1F040}.Release|Any CPU.ActiveCfg = Release|Any CPU
		{7680DE8B-29BC-4E56-A78A-1762EDB1F040}.Release|Any CPU.Build.0 = Release|Any CPU
	EndGlobalSection
	GlobalSection(SolutionProperties) = preSolution
		HideSolutionNode = FALSE
	EndGlobalSection
EndGlobal
