
Microsoft Visual Studio Solution File, Format Version 12.00
# Visual Studio Version 17
VisualStudioVersion = 17.13.35913.81 d17.13
MinimumVisualStudioVersion = 10.0.40219.1
Project("{FAE04EC0-301F-11D3-BF4B-00C04F79EFBC}") = "Task3", "Task3\Task3.csproj", "{26F8A0ED-1D4D-4814-B434-A6A20C58CFC5}"
EndProject
Global
	GlobalSection(SolutionConfigurationPlatforms) = preSolution
		Debug|Any CPU = Debug|Any CPU
		Release|Any CPU = Release|Any CPU
	EndGlobalSection
	GlobalSection(ProjectConfigurationPlatforms) = postSolution
		{26F8A0ED-1D4D-4814-B434-A6A20C58CFC5}.Debug|Any CPU.ActiveCfg = Debug|Any CPU
		{26F8A0ED-1D4D-4814-B434-A6A20C58CFC5}.Debug|Any CPU.Build.0 = Debug|Any CPU
		{26F8A0ED-1D4D-4814-B434-A6A20C58CFC5}.Release|Any CPU.ActiveCfg = Release|Any CPU
		{26F8A0ED-1D4D-4814-B434-A6A20C58CFC5}.Release|Any CPU.Build.0 = Release|Any CPU
	EndGlobalSection
	GlobalSection(SolutionProperties) = preSolution
		HideSolutionNode = FALSE
	EndGlobalSection
	GlobalSection(ExtensibilityGlobals) = postSolution
		SolutionGuid = {2B9F0050-C8EF-42F6-A380-ADC5DF9C5734}
	EndGlobalSection
EndGlobal
