
Microsoft Visual Studio Solution File, Format Version 12.00
# Visual Studio Version 17
VisualStudioVersion = 17.13.35913.81 d17.13
MinimumVisualStudioVersion = 10.0.40219.1
Project("{FAE04EC0-301F-11D3-BF4B-00C04F79EFBC}") = "Task1", "Task1\Task1.csproj", "{1127D38F-A4F5-4232-9435-2EE227AF0724}"
EndProject
Global
	GlobalSection(SolutionConfigurationPlatforms) = preSolution
		Debug|Any CPU = Debug|Any CPU
		Release|Any CPU = Release|Any CPU
	EndGlobalSection
	GlobalSection(ProjectConfigurationPlatforms) = postSolution
		{1127D38F-A4F5-4232-9435-2EE227AF0724}.Debug|Any CPU.ActiveCfg = Debug|Any CPU
		{1127D38F-A4F5-4232-9435-2EE227AF0724}.Debug|Any CPU.Build.0 = Debug|Any CPU
		{1127D38F-A4F5-4232-9435-2EE227AF0724}.Release|Any CPU.ActiveCfg = Release|Any CPU
		{1127D38F-A4F5-4232-9435-2EE227AF0724}.Release|Any CPU.Build.0 = Release|Any CPU
	EndGlobalSection
	GlobalSection(SolutionProperties) = preSolution
		HideSolutionNode = FALSE
	EndGlobalSection
	GlobalSection(ExtensibilityGlobals) = postSolution
		SolutionGuid = {855BF28E-65F7-4E0F-B299-5AE5B2B1BEF0}
	EndGlobalSection
EndGlobal
