
Microsoft Visual Studio Solution File, Format Version 12.00
# Visual Studio Version 17
VisualStudioVersion = 17.13.35913.81 d17.13
MinimumVisualStudioVersion = 10.0.40219.1
Project("{FAE04EC0-301F-11D3-BF4B-00C04F79EFBC}") = "Task4", "Task4\Task4.csproj", "{B72D28AD-657F-488D-BFE0-8BD0BC9C3162}"
EndProject
Global
	GlobalSection(SolutionConfigurationPlatforms) = preSolution
		Debug|Any CPU = Debug|Any CPU
		Release|Any CPU = Release|Any CPU
	EndGlobalSection
	GlobalSection(ProjectConfigurationPlatforms) = postSolution
		{B72D28AD-657F-488D-BFE0-8BD0BC9C3162}.Debug|Any CPU.ActiveCfg = Debug|Any CPU
		{B72D28AD-657F-488D-BFE0-8BD0BC9C3162}.Debug|Any CPU.Build.0 = Debug|Any CPU
		{B72D28AD-657F-488D-BFE0-8BD0BC9C3162}.Release|Any CPU.ActiveCfg = Release|Any CPU
		{B72D28AD-657F-488D-BFE0-8BD0BC9C3162}.Release|Any CPU.Build.0 = Release|Any CPU
	EndGlobalSection
	GlobalSection(SolutionProperties) = preSolution
		HideSolutionNode = FALSE
	EndGlobalSection
	GlobalSection(ExtensibilityGlobals) = postSolution
		SolutionGuid = {3673F7F5-25A2-4E1D-B8C5-477BA50684DD}
	EndGlobalSection
EndGlobal
