
Microsoft Visual Studio Solution File, Format Version 12.00
# Visual Studio Version 17
VisualStudioVersion = 17.13.35913.81 d17.13
MinimumVisualStudioVersion = 10.0.40219.1
Project("{FAE04EC0-301F-11D3-BF4B-00C04F79EFBC}") = "Task1", "Task1\Task1.csproj", "{4108A2CC-57F6-4BC7-95F7-80FEF0F44779}"
EndProject
Global
	GlobalSection(SolutionConfigurationPlatforms) = preSolution
		Debug|Any CPU = Debug|Any CPU
		Release|Any CPU = Release|Any CPU
	EndGlobalSection
	GlobalSection(ProjectConfigurationPlatforms) = postSolution
		{4108A2CC-57F6-4BC7-95F7-80FEF0F44779}.Debug|Any CPU.ActiveCfg = Debug|Any CPU
		{4108A2CC-57F6-4BC7-95F7-80FEF0F44779}.Debug|Any CPU.Build.0 = Debug|Any CPU
		{4108A2CC-57F6-4BC7-95F7-80FEF0F44779}.Release|Any CPU.ActiveCfg = Release|Any CPU
		{4108A2CC-57F6-4BC7-95F7-80FEF0F44779}.Release|Any CPU.Build.0 = Release|Any CPU
	EndGlobalSection
	GlobalSection(SolutionProperties) = preSolution
		HideSolutionNode = FALSE
	EndGlobalSection
	GlobalSection(ExtensibilityGlobals) = postSolution
		SolutionGuid = {8C3E2B73-EC5E-4F0A-BF55-74859EA352EB}
	EndGlobalSection
EndGlobal
