
Microsoft Visual Studio Solution File, Format Version 12.00
# Visual Studio Version 17
VisualStudioVersion = 17.13.35913.81 d17.13
MinimumVisualStudioVersion = 10.0.40219.1
Project("{FAE04EC0-301F-11D3-BF4B-00C04F79EFBC}") = "Task4", "Task4\Task4.csproj", "{C7B34F68-5E61-4A2C-903D-8DD008FF5900}"
EndProject
Global
	GlobalSection(SolutionConfigurationPlatforms) = preSolution
		Debug|Any CPU = Debug|Any CPU
		Release|Any CPU = Release|Any CPU
	EndGlobalSection
	GlobalSection(ProjectConfigurationPlatforms) = postSolution
		{C7B34F68-5E61-4A2C-903D-8DD008FF5900}.Debug|Any CPU.ActiveCfg = Debug|Any CPU
		{C7B34F68-5E61-4A2C-903D-8DD008FF5900}.Debug|Any CPU.Build.0 = Debug|Any CPU
		{C7B34F68-5E61-4A2C-903D-8DD008FF5900}.Release|Any CPU.ActiveCfg = Release|Any CPU
		{C7B34F68-5E61-4A2C-903D-8DD008FF5900}.Release|Any CPU.Build.0 = Release|Any CPU
	EndGlobalSection
	GlobalSection(SolutionProperties) = preSolution
		HideSolutionNode = FALSE
	EndGlobalSection
	GlobalSection(ExtensibilityGlobals) = postSolution
		SolutionGuid = {61A292B2-85F5-42EA-90B2-5182515A27B4}
	EndGlobalSection
EndGlobal
